// !$*UTF8*$!
{
	archiveVersion = 1;
	classes = {
	};
	objectVersion = 46;
	objects = {

/* Begin PBXBuildFile section */
		56C1A28A2DEA68B2B1355EB2 /* libPods-CWCommonTools.a in Frameworks */ = {isa = PBXBuildFile; fileRef = 267D783648EC41F1E5B7F384 /* libPods-CWCommonTools.a */; };
		66A4A4F91F6D18CE00589FDA /* UIImage+image.m in Sources */ = {isa = PBXBuildFile; fileRef = 66A4A4F81F6D18CE00589FDA /* UIImage+image.m */; };
		66E0E80E1F6800E00075122E /* main.m in Sources */ = {isa = PBXBuildFile; fileRef = 66E0E80D1F6800E00075122E /* main.m */; };
		66E0E8111F6800E00075122E /* AppDelegate.m in Sources */ = {isa = PBXBuildFile; fileRef = 66E0E8101F6800E00075122E /* AppDelegate.m */; };
		66E0E8141F6800E00075122E /* ViewController.m in Sources */ = {isa = PBXBuildFile; fileRef = 66E0E8131F6800E00075122E /* ViewController.m */; };
		66E0E8171F6800E00075122E /* Main.storyboard in Resources */ = {isa = PBXBuildFile; fileRef = 66E0E8151F6800E00075122E /* Main.storyboard */; };
		66E0E8191F6800E00075122E /* Assets.xcassets in Resources */ = {isa = PBXBuildFile; fileRef = 66E0E8181F6800E00075122E /* Assets.xcassets */; };
		66E0E81C1F6800E00075122E /* LaunchScreen.storyboard in Resources */ = {isa = PBXBuildFile; fileRef = 66E0E81A1F6800E00075122E /* LaunchScreen.storyboard */; };
		66E0E8581F6800F70075122E /* CWAnimation.m in Sources */ = {isa = PBXBuildFile; fileRef = 66E0E8261F6800F70075122E /* CWAnimation.m */; };
		66E0E8591F6800F70075122E /* UITabBar+CWBadge.m in Sources */ = {isa = PBXBuildFile; fileRef = 66E0E8291F6800F70075122E /* UITabBar+CWBadge.m */; };
		66E0E85A1F6800F70075122E /* UITabBarItem+CWBadge.m in Sources */ = {isa = PBXBuildFile; fileRef = 66E0E82B1F6800F70075122E /* UITabBarItem+CWBadge.m */; };
		66E0E85B1F6800F70075122E /* UIView+CWBadge.m in Sources */ = {isa = PBXBuildFile; fileRef = 66E0E82D1F6800F70075122E /* UIView+CWBadge.m */; };
		66E0E85C1F6800F70075122E /* NSObject+Tool.m in Sources */ = {isa = PBXBuildFile; fileRef = 66E0E8301F6800F70075122E /* NSObject+Tool.m */; };
		66E0E85D1F6800F70075122E /* UIView+Tool.m in Sources */ = {isa = PBXBuildFile; fileRef = 66E0E8321F6800F70075122E /* UIView+Tool.m */; };
		66E0E85E1F6800F70075122E /* CWDateManager.m in Sources */ = {isa = PBXBuildFile; fileRef = 66E0E8351F6800F70075122E /* CWDateManager.m */; };
		66E0E85F1F6800F70075122E /* DateAndTimestamp.m in Sources */ = {isa = PBXBuildFile; fileRef = 66E0E8371F6800F70075122E /* DateAndTimestamp.m */; };
		66E0E8601F6800F70075122E /* LocationTransformer.m in Sources */ = {isa = PBXBuildFile; fileRef = 66E0E83B1F6800F70075122E /* LocationTransformer.m */; };
		66E0E8611F6800F70075122E /* CW_AFNetworkManager.m in Sources */ = {isa = PBXBuildFile; fileRef = 66E0E83E1F6800F70075122E /* CW_AFNetworkManager.m */; };
		66E0E8621F6800F70075122E /* CWNetworkRequestCenter.m in Sources */ = {isa = PBXBuildFile; fileRef = 66E0E8401F6800F70075122E /* CWNetworkRequestCenter.m */; };
		66E0E8631F6800F70075122E /* CWColorHex.m in Sources */ = {isa = PBXBuildFile; fileRef = 66E0E8431F6800F70075122E /* CWColorHex.m */; };
		66E0E8641F6800F70075122E /* CWDeviceMessages.m in Sources */ = {isa = PBXBuildFile; fileRef = 66E0E8451F6800F70075122E /* CWDeviceMessages.m */; };
		66E0E8651F6800F70075122E /* CWGetApplicationInfo.m in Sources */ = {isa = PBXBuildFile; fileRef = 66E0E8471F6800F70075122E /* CWGetApplicationInfo.m */; };
		66E0E8661F6800F70075122E /* CWGetMacAddress.m in Sources */ = {isa = PBXBuildFile; fileRef = 66E0E8491F6800F70075122E /* CWGetMacAddress.m */; };
		66E0E8671F6800F70075122E /* CWUTF8Chinese.m in Sources */ = {isa = PBXBuildFile; fileRef = 66E0E84B1F6800F70075122E /* CWUTF8Chinese.m */; };
		66E0E8681F6800F70075122E /* CWGraphic.m in Sources */ = {isa = PBXBuildFile; fileRef = 66E0E84E1F6800F70075122E /* CWGraphic.m */; };
		66E0E8691F6800F70075122E /* CWSearchBar.m in Sources */ = {isa = PBXBuildFile; fileRef = 66E0E8501F6800F70075122E /* CWSearchBar.m */; };
		66E0E86A1F6800F70075122E /* CWTextView.m in Sources */ = {isa = PBXBuildFile; fileRef = 66E0E8521F6800F70075122E /* CWTextView.m */; };
		66E0E86B1F6800F70075122E /* ToolView.m in Sources */ = {isa = PBXBuildFile; fileRef = 66E0E8541F6800F70075122E /* ToolView.m */; };
		66E0E86C1F6800F70075122E /* CWTouchIDManager.m in Sources */ = {isa = PBXBuildFile; fileRef = 66E0E8571F6800F70075122E /* CWTouchIDManager.m */; };
		66E0E8971F693FED0075122E /* CWStringTansformDictionary.m in Sources */ = {isa = PBXBuildFile; fileRef = 66E0E8961F693FED0075122E /* CWStringTansformDictionary.m */; };
/* End PBXBuildFile section */

/* Begin PBXFileReference section */
		267D783648EC41F1E5B7F384 /* libPods-CWCommonTools.a */ = {isa = PBXFileReference; explicitFileType = archive.ar; includeInIndex = 0; path = "libPods-CWCommonTools.a"; sourceTree = BUILT_PRODUCTS_DIR; };
		66A4A4F71F6D18CE00589FDA /* UIImage+image.h */ = {isa = PBXFileReference; fileEncoding = 4; lastKnownFileType = sourcecode.c.h; path = "UIImage+image.h"; sourceTree = "<group>"; };
		66A4A4F81F6D18CE00589FDA /* UIImage+image.m */ = {isa = PBXFileReference; fileEncoding = 4; lastKnownFileType = sourcecode.c.objc; path = "UIImage+image.m"; sourceTree = "<group>"; };
		66E0E8091F6800E00075122E /* CWCommonTools.app */ = {isa = PBXFileReference; explicitFileType = wrapper.application; includeInIndex = 0; path = CWCommonTools.app; sourceTree = BUILT_PRODUCTS_DIR; };
		66E0E80D1F6800E00075122E /* main.m */ = {isa = PBXFileReference; lastKnownFileType = sourcecode.c.objc; path = main.m; sourceTree = "<group>"; };
		66E0E80F1F6800E00075122E /* AppDelegate.h */ = {isa = PBXFileReference; lastKnownFileType = sourcecode.c.h; path = AppDelegate.h; sourceTree = "<group>"; };
		66E0E8101F6800E00075122E /* AppDelegate.m */ = {isa = PBXFileReference; lastKnownFileType = sourcecode.c.objc; path = AppDelegate.m; sourceTree = "<group>"; };
		66E0E8121F6800E00075122E /* ViewController.h */ = {isa = PBXFileReference; lastKnownFileType = sourcecode.c.h; path = ViewController.h; sourceTree = "<group>"; };
		66E0E8131F6800E00075122E /* ViewController.m */ = {isa = PBXFileReference; lastKnownFileType = sourcecode.c.objc; path = ViewController.m; sourceTree = "<group>"; };
		66E0E8161F6800E00075122E /* Base */ = {isa = PBXFileReference; lastKnownFileType = file.storyboard; name = Base; path = Base.lproj/Main.storyboard; sourceTree = "<group>"; };
		66E0E8181F6800E00075122E /* Assets.xcassets */ = {isa = PBXFileReference; lastKnownFileType = folder.assetcatalog; path = Assets.xcassets; sourceTree = "<group>"; };
		66E0E81B1F6800E00075122E /* Base */ = {isa = PBXFileReference; lastKnownFileType = file.storyboard; name = Base; path = Base.lproj/LaunchScreen.storyboard; sourceTree = "<group>"; };
		66E0E81D1F6800E00075122E /* Info.plist */ = {isa = PBXFileReference; lastKnownFileType = text.plist.xml; path = Info.plist; sourceTree = "<group>"; };
		66E0E8251F6800F70075122E /* CWAnimation.h */ = {isa = PBXFileReference; fileEncoding = 4; lastKnownFileType = sourcecode.c.h; path = CWAnimation.h; sourceTree = "<group>"; };
		66E0E8261F6800F70075122E /* CWAnimation.m */ = {isa = PBXFileReference; fileEncoding = 4; lastKnownFileType = sourcecode.c.objc; path = CWAnimation.m; sourceTree = "<group>"; };
		66E0E8281F6800F70075122E /* UITabBar+CWBadge.h */ = {isa = PBXFileReference; fileEncoding = 4; lastKnownFileType = sourcecode.c.h; path = "UITabBar+CWBadge.h"; sourceTree = "<group>"; };
		66E0E8291F6800F70075122E /* UITabBar+CWBadge.m */ = {isa = PBXFileReference; fileEncoding = 4; lastKnownFileType = sourcecode.c.objc; path = "UITabBar+CWBadge.m"; sourceTree = "<group>"; };
		66E0E82A1F6800F70075122E /* UITabBarItem+CWBadge.h */ = {isa = PBXFileReference; fileEncoding = 4; lastKnownFileType = sourcecode.c.h; path = "UITabBarItem+CWBadge.h"; sourceTree = "<group>"; };
		66E0E82B1F6800F70075122E /* UITabBarItem+CWBadge.m */ = {isa = PBXFileReference; fileEncoding = 4; lastKnownFileType = sourcecode.c.objc; path = "UITabBarItem+CWBadge.m"; sourceTree = "<group>"; };
		66E0E82C1F6800F70075122E /* UIView+CWBadge.h */ = {isa = PBXFileReference; fileEncoding = 4; lastKnownFileType = sourcecode.c.h; path = "UIView+CWBadge.h"; sourceTree = "<group>"; };
		66E0E82D1F6800F70075122E /* UIView+CWBadge.m */ = {isa = PBXFileReference; fileEncoding = 4; lastKnownFileType = sourcecode.c.objc; path = "UIView+CWBadge.m"; sourceTree = "<group>"; };
		66E0E82F1F6800F70075122E /* NSObject+Tool.h */ = {isa = PBXFileReference; fileEncoding = 4; lastKnownFileType = sourcecode.c.h; path = "NSObject+Tool.h"; sourceTree = "<group>"; };
		66E0E8301F6800F70075122E /* NSObject+Tool.m */ = {isa = PBXFileReference; fileEncoding = 4; lastKnownFileType = sourcecode.c.objc; path = "NSObject+Tool.m"; sourceTree = "<group>"; };
		66E0E8311F6800F70075122E /* UIView+Tool.h */ = {isa = PBXFileReference; fileEncoding = 4; lastKnownFileType = sourcecode.c.h; path = "UIView+Tool.h"; sourceTree = "<group>"; };
		66E0E8321F6800F70075122E /* UIView+Tool.m */ = {isa = PBXFileReference; fileEncoding = 4; lastKnownFileType = sourcecode.c.objc; path = "UIView+Tool.m"; sourceTree = "<group>"; };
		66E0E8341F6800F70075122E /* CWDateManager.h */ = {isa = PBXFileReference; fileEncoding = 4; lastKnownFileType = sourcecode.c.h; path = CWDateManager.h; sourceTree = "<group>"; };
		66E0E8351F6800F70075122E /* CWDateManager.m */ = {isa = PBXFileReference; fileEncoding = 4; lastKnownFileType = sourcecode.c.objc; path = CWDateManager.m; sourceTree = "<group>"; };
		66E0E8361F6800F70075122E /* DateAndTimestamp.h */ = {isa = PBXFileReference; fileEncoding = 4; lastKnownFileType = sourcecode.c.h; path = DateAndTimestamp.h; sourceTree = "<group>"; };
		66E0E8371F6800F70075122E /* DateAndTimestamp.m */ = {isa = PBXFileReference; fileEncoding = 4; lastKnownFileType = sourcecode.c.objc; path = DateAndTimestamp.m; sourceTree = "<group>"; };
		66E0E8381F6800F70075122E /* Header.h */ = {isa = PBXFileReference; fileEncoding = 4; lastKnownFileType = sourcecode.c.h; path = Header.h; sourceTree = "<group>"; };
		66E0E83A1F6800F70075122E /* LocationTransformer.h */ = {isa = PBXFileReference; fileEncoding = 4; lastKnownFileType = sourcecode.c.h; path = LocationTransformer.h; sourceTree = "<group>"; };
		66E0E83B1F6800F70075122E /* LocationTransformer.m */ = {isa = PBXFileReference; fileEncoding = 4; lastKnownFileType = sourcecode.c.objc; path = LocationTransformer.m; sourceTree = "<group>"; };
		66E0E83D1F6800F70075122E /* CW_AFNetworkManager.h */ = {isa = PBXFileReference; fileEncoding = 4; lastKnownFileType = sourcecode.c.h; path = CW_AFNetworkManager.h; sourceTree = "<group>"; };
		66E0E83E1F6800F70075122E /* CW_AFNetworkManager.m */ = {isa = PBXFileReference; fileEncoding = 4; lastKnownFileType = sourcecode.c.objc; path = CW_AFNetworkManager.m; sourceTree = "<group>"; };
		66E0E83F1F6800F70075122E /* CWNetworkRequestCenter.h */ = {isa = PBXFileReference; fileEncoding = 4; lastKnownFileType = sourcecode.c.h; path = CWNetworkRequestCenter.h; sourceTree = "<group>"; };
		66E0E8401F6800F70075122E /* CWNetworkRequestCenter.m */ = {isa = PBXFileReference; fileEncoding = 4; lastKnownFileType = sourcecode.c.objc; path = CWNetworkRequestCenter.m; sourceTree = "<group>"; };
		66E0E8421F6800F70075122E /* CWColorHex.h */ = {isa = PBXFileReference; fileEncoding = 4; lastKnownFileType = sourcecode.c.h; path = CWColorHex.h; sourceTree = "<group>"; };
		66E0E8431F6800F70075122E /* CWColorHex.m */ = {isa = PBXFileReference; fileEncoding = 4; lastKnownFileType = sourcecode.c.objc; path = CWColorHex.m; sourceTree = "<group>"; };
		66E0E8441F6800F70075122E /* CWDeviceMessages.h */ = {isa = PBXFileReference; fileEncoding = 4; lastKnownFileType = sourcecode.c.h; path = CWDeviceMessages.h; sourceTree = "<group>"; };
		66E0E8451F6800F70075122E /* CWDeviceMessages.m */ = {isa = PBXFileReference; fileEncoding = 4; lastKnownFileType = sourcecode.c.objc; path = CWDeviceMessages.m; sourceTree = "<group>"; };
		66E0E8461F6800F70075122E /* CWGetApplicationInfo.h */ = {isa = PBXFileReference; fileEncoding = 4; lastKnownFileType = sourcecode.c.h; path = CWGetApplicationInfo.h; sourceTree = "<group>"; };
		66E0E8471F6800F70075122E /* CWGetApplicationInfo.m */ = {isa = PBXFileReference; fileEncoding = 4; lastKnownFileType = sourcecode.c.objc; path = CWGetApplicationInfo.m; sourceTree = "<group>"; };
		66E0E8481F6800F70075122E /* CWGetMacAddress.h */ = {isa = PBXFileReference; fileEncoding = 4; lastKnownFileType = sourcecode.c.h; path = CWGetMacAddress.h; sourceTree = "<group>"; };
		66E0E8491F6800F70075122E /* CWGetMacAddress.m */ = {isa = PBXFileReference; fileEncoding = 4; lastKnownFileType = sourcecode.c.objc; path = CWGetMacAddress.m; sourceTree = "<group>"; };
		66E0E84A1F6800F70075122E /* CWUTF8Chinese.h */ = {isa = PBXFileReference; fileEncoding = 4; lastKnownFileType = sourcecode.c.h; path = CWUTF8Chinese.h; sourceTree = "<group>"; };
		66E0E84B1F6800F70075122E /* CWUTF8Chinese.m */ = {isa = PBXFileReference; fileEncoding = 4; lastKnownFileType = sourcecode.c.objc; path = CWUTF8Chinese.m; sourceTree = "<group>"; };
		66E0E84D1F6800F70075122E /* CWGraphic.h */ = {isa = PBXFileReference; fileEncoding = 4; lastKnownFileType = sourcecode.c.h; path = CWGraphic.h; sourceTree = "<group>"; };
		66E0E84E1F6800F70075122E /* CWGraphic.m */ = {isa = PBXFileReference; fileEncoding = 4; lastKnownFileType = sourcecode.c.objc; path = CWGraphic.m; sourceTree = "<group>"; };
		66E0E84F1F6800F70075122E /* CWSearchBar.h */ = {isa = PBXFileReference; fileEncoding = 4; lastKnownFileType = sourcecode.c.h; path = CWSearchBar.h; sourceTree = "<group>"; };
		66E0E8501F6800F70075122E /* CWSearchBar.m */ = {isa = PBXFileReference; fileEncoding = 4; lastKnownFileType = sourcecode.c.objc; path = CWSearchBar.m; sourceTree = "<group>"; };
		66E0E8511F6800F70075122E /* CWTextView.h */ = {isa = PBXFileReference; fileEncoding = 4; lastKnownFileType = sourcecode.c.h; path = CWTextView.h; sourceTree = "<group>"; };
		66E0E8521F6800F70075122E /* CWTextView.m */ = {isa = PBXFileReference; fileEncoding = 4; lastKnownFileType = sourcecode.c.objc; path = CWTextView.m; sourceTree = "<group>"; };
		66E0E8531F6800F70075122E /* ToolView.h */ = {isa = PBXFileReference; fileEncoding = 4; lastKnownFileType = sourcecode.c.h; path = ToolView.h; sourceTree = "<group>"; };
		66E0E8541F6800F70075122E /* ToolView.m */ = {isa = PBXFileReference; fileEncoding = 4; lastKnownFileType = sourcecode.c.objc; path = ToolView.m; sourceTree = "<group>"; };
		66E0E8561F6800F70075122E /* CWTouchIDManager.h */ = {isa = PBXFileReference; fileEncoding = 4; lastKnownFileType = sourcecode.c.h; path = CWTouchIDManager.h; sourceTree = "<group>"; };
		66E0E8571F6800F70075122E /* CWTouchIDManager.m */ = {isa = PBXFileReference; fileEncoding = 4; lastKnownFileType = sourcecode.c.objc; path = CWTouchIDManager.m; sourceTree = "<group>"; };
		66E0E86D1F6801640075122E /* PrefixHeader.pch */ = {isa = PBXFileReference; fileEncoding = 4; lastKnownFileType = sourcecode.c.h; path = PrefixHeader.pch; sourceTree = "<group>"; };
		66E0E8951F693FED0075122E /* CWStringTansformDictionary.h */ = {isa = PBXFileReference; fileEncoding = 4; lastKnownFileType = sourcecode.c.h; path = CWStringTansformDictionary.h; sourceTree = "<group>"; };
		66E0E8961F693FED0075122E /* CWStringTansformDictionary.m */ = {isa = PBXFileReference; fileEncoding = 4; lastKnownFileType = sourcecode.c.objc; path = CWStringTansformDictionary.m; sourceTree = "<group>"; };
		841C7AD29C472F8131BE1A82 /* Pods-CWCommonTools.debug.xcconfig */ = {isa = PBXFileReference; includeInIndex = 1; lastKnownFileType = text.xcconfig; name = "Pods-CWCommonTools.debug.xcconfig"; path = "Pods/Target Support Files/Pods-CWCommonTools/Pods-CWCommonTools.debug.xcconfig"; sourceTree = "<group>"; };
		9674B28A270CC60615C5E051 /* Pods-CWCommonTools.release.xcconfig */ = {isa = PBXFileReference; includeInIndex = 1; lastKnownFileType = text.xcconfig; name = "Pods-CWCommonTools.release.xcconfig"; path = "Pods/Target Support Files/Pods-CWCommonTools/Pods-CWCommonTools.release.xcconfig"; sourceTree = "<group>"; };
/* End PBXFileReference section */

/* Begin PBXFrameworksBuildPhase section */
		66E0E8061F6800E00075122E /* Frameworks */ = {
			isa = PBXFrameworksBuildPhase;
			buildActionMask = 2147483647;
			files = (
				56C1A28A2DEA68B2B1355EB2 /* libPods-CWCommonTools.a in Frameworks */,
			);
			runOnlyForDeploymentPostprocessing = 0;
		};
/* End PBXFrameworksBuildPhase section */

/* Begin PBXGroup section */
		5660ABD14706F2432377565C /* Pods */ = {
			isa = PBXGroup;
			children = (
				841C7AD29C472F8131BE1A82 /* Pods-CWCommonTools.debug.xcconfig */,
				9674B28A270CC60615C5E051 /* Pods-CWCommonTools.release.xcconfig */,
			);
			name = Pods;
			sourceTree = "<group>";
		};
		66A4A4F61F6D189800589FDA /* Category */ = {
			isa = PBXGroup;
			children = (
				66A4A4F71F6D18CE00589FDA /* UIImage+image.h */,
				66A4A4F81F6D18CE00589FDA /* UIImage+image.m */,
			);
			path = Category;
			sourceTree = "<group>";
		};
		66E0E8001F6800E00075122E = {
			isa = PBXGroup;
			children = (
				66E0E80B1F6800E00075122E /* CWCommonTools */,
				66E0E80A1F6800E00075122E /* Products */,
				5660ABD14706F2432377565C /* Pods */,
				895D9E2E9CAB2C557177B871 /* Frameworks */,
			);
			sourceTree = "<group>";
		};
		66E0E80A1F6800E00075122E /* Products */ = {
			isa = PBXGroup;
			children = (
				66E0E8091F6800E00075122E /* CWCommonTools.app */,
			);
			name = Products;
			sourceTree = "<group>";
		};
		66E0E80B1F6800E00075122E /* CWCommonTools */ = {
			isa = PBXGroup;
			children = (
				66E0E86D1F6801640075122E /* PrefixHeader.pch */,
				66E0E8231F6800F70075122E /* CommonTools */,
				66E0E80F1F6800E00075122E /* AppDelegate.h */,
				66E0E8101F6800E00075122E /* AppDelegate.m */,
				66E0E8121F6800E00075122E /* ViewController.h */,
				66E0E8131F6800E00075122E /* ViewController.m */,
				66E0E8151F6800E00075122E /* Main.storyboard */,
				66E0E8181F6800E00075122E /* Assets.xcassets */,
				66E0E81A1F6800E00075122E /* LaunchScreen.storyboard */,
				66E0E81D1F6800E00075122E /* Info.plist */,
				66E0E80C1F6800E00075122E /* Supporting Files */,
			);
			path = CWCommonTools;
			sourceTree = "<group>";
		};
		66E0E80C1F6800E00075122E /* Supporting Files */ = {
			isa = PBXGroup;
			children = (
				66E0E80D1F6800E00075122E /* main.m */,
			);
			name = "Supporting Files";
			sourceTree = "<group>";
		};
		66E0E8231F6800F70075122E /* CommonTools */ = {
			isa = PBXGroup;
			children = (
				66E0E8381F6800F70075122E /* Header.h */,
				66A4A4F61F6D189800589FDA /* Category */,
				66E0E8241F6800F70075122E /* Animation */,
				66E0E8271F6800F70075122E /* Badge */,
				66E0E82E1F6800F70075122E /* CurrentAndParentVC */,
				66E0E8331F6800F70075122E /* DateAndTimestamp */,
				66E0E8391F6800F70075122E /* Locationtransformer */,
				66E0E83C1F6800F70075122E /* NetworkTool */,
				66E0E8411F6800F70075122E /* Other */,
				66E0E84C1F6800F70075122E /* ToolView */,
				66E0E8551F6800F70075122E /* TouchID */,
			);
			path = CommonTools;
			sourceTree = "<group>";
		};
		66E0E8241F6800F70075122E /* Animation */ = {
			isa = PBXGroup;
			children = (
				66E0E8251F6800F70075122E /* CWAnimation.h */,
				66E0E8261F6800F70075122E /* CWAnimation.m */,
			);
			path = Animation;
			sourceTree = "<group>";
		};
		66E0E8271F6800F70075122E /* Badge */ = {
			isa = PBXGroup;
			children = (
				66E0E8281F6800F70075122E /* UITabBar+CWBadge.h */,
				66E0E8291F6800F70075122E /* UITabBar+CWBadge.m */,
				66E0E82A1F6800F70075122E /* UITabBarItem+CWBadge.h */,
				66E0E82B1F6800F70075122E /* UITabBarItem+CWBadge.m */,
				66E0E82C1F6800F70075122E /* UIView+CWBadge.h */,
				66E0E82D1F6800F70075122E /* UIView+CWBadge.m */,
			);
			path = Badge;
			sourceTree = "<group>";
		};
		66E0E82E1F6800F70075122E /* CurrentAndParentVC */ = {
			isa = PBXGroup;
			children = (
				66E0E82F1F6800F70075122E /* NSObject+Tool.h */,
				66E0E8301F6800F70075122E /* NSObject+Tool.m */,
				66E0E8311F6800F70075122E /* UIView+Tool.h */,
				66E0E8321F6800F70075122E /* UIView+Tool.m */,
			);
			path = CurrentAndParentVC;
			sourceTree = "<group>";
		};
		66E0E8331F6800F70075122E /* DateAndTimestamp */ = {
			isa = PBXGroup;
			children = (
				66E0E8341F6800F70075122E /* CWDateManager.h */,
				66E0E8351F6800F70075122E /* CWDateManager.m */,
				66E0E8361F6800F70075122E /* DateAndTimestamp.h */,
				66E0E8371F6800F70075122E /* DateAndTimestamp.m */,
			);
			path = DateAndTimestamp;
			sourceTree = "<group>";
		};
		66E0E8391F6800F70075122E /* Locationtransformer */ = {
			isa = PBXGroup;
			children = (
				66E0E83A1F6800F70075122E /* LocationTransformer.h */,
				66E0E83B1F6800F70075122E /* LocationTransformer.m */,
			);
			path = Locationtransformer;
			sourceTree = "<group>";
		};
		66E0E83C1F6800F70075122E /* NetworkTool */ = {
			isa = PBXGroup;
			children = (
				66E0E83D1F6800F70075122E /* CW_AFNetworkManager.h */,
				66E0E83E1F6800F70075122E /* CW_AFNetworkManager.m */,
				66E0E83F1F6800F70075122E /* CWNetworkRequestCenter.h */,
				66E0E8401F6800F70075122E /* CWNetworkRequestCenter.m */,
			);
			path = NetworkTool;
			sourceTree = "<group>";
		};
		66E0E8411F6800F70075122E /* Other */ = {
			isa = PBXGroup;
			children = (
				66E0E8421F6800F70075122E /* CWColorHex.h */,
				66E0E8431F6800F70075122E /* CWColorHex.m */,
				66E0E8441F6800F70075122E /* CWDeviceMessages.h */,
				66E0E8451F6800F70075122E /* CWDeviceMessages.m */,
				66E0E8461F6800F70075122E /* CWGetApplicationInfo.h */,
				66E0E8471F6800F70075122E /* CWGetApplicationInfo.m */,
				66E0E8481F6800F70075122E /* CWGetMacAddress.h */,
				66E0E8491F6800F70075122E /* CWGetMacAddress.m */,
				66E0E84A1F6800F70075122E /* CWUTF8Chinese.h */,
				66E0E84B1F6800F70075122E /* CWUTF8Chinese.m */,
				66E0E8951F693FED0075122E /* CWStringTansformDictionary.h */,
				66E0E8961F693FED0075122E /* CWStringTansformDictionary.m */,
			);
			path = Other;
			sourceTree = "<group>";
		};
		66E0E84C1F6800F70075122E /* ToolView */ = {
			isa = PBXGroup;
			children = (
				66E0E84D1F6800F70075122E /* CWGraphic.h */,
				66E0E84E1F6800F70075122E /* CWGraphic.m */,
				66E0E84F1F6800F70075122E /* CWSearchBar.h */,
				66E0E8501F6800F70075122E /* CWSearchBar.m */,
				66E0E8511F6800F70075122E /* CWTextView.h */,
				66E0E8521F6800F70075122E /* CWTextView.m */,
				66E0E8531F6800F70075122E /* ToolView.h */,
				66E0E8541F6800F70075122E /* ToolView.m */,
			);
			path = ToolView;
			sourceTree = "<group>";
		};
		66E0E8551F6800F70075122E /* TouchID */ = {
			isa = PBXGroup;
			children = (
				66E0E8561F6800F70075122E /* CWTouchIDManager.h */,
				66E0E8571F6800F70075122E /* CWTouchIDManager.m */,
			);
			path = TouchID;
			sourceTree = "<group>";
		};
		895D9E2E9CAB2C557177B871 /* Frameworks */ = {
			isa = PBXGroup;
			children = (
				267D783648EC41F1E5B7F384 /* libPods-CWCommonTools.a */,
			);
			name = Frameworks;
			sourceTree = "<group>";
		};
/* End PBXGroup section */

/* Begin PBXNativeTarget section */
		66E0E8081F6800E00075122E /* CWCommonTools */ = {
			isa = PBXNativeTarget;
			buildConfigurationList = 66E0E8201F6800E00075122E /* Build configuration list for PBXNativeTarget "CWCommonTools" */;
			buildPhases = (
				41308C77775F23F710D9172A /* [CP] Check Pods Manifest.lock */,
				66E0E8051F6800E00075122E /* Sources */,
				66E0E8061F6800E00075122E /* Frameworks */,
				66E0E8071F6800E00075122E /* Resources */,
				26C1A8F3E013CD836B6E4817 /* [CP] Embed Pods Frameworks */,
				F62862DC3191E58F30D0FF3C /* [CP] Copy Pods Resources */,
			);
			buildRules = (
			);
			dependencies = (
			);
			name = CWCommonTools;
			productName = CWCommonTools;
			productReference = 66E0E8091F6800E00075122E /* CWCommonTools.app */;
			productType = "com.apple.product-type.application";
		};
/* End PBXNativeTarget section */

/* Begin PBXProject section */
		66E0E8011F6800E00075122E /* Project object */ = {
			isa = PBXProject;
			attributes = {
				LastUpgradeCheck = 0830;
				ORGANIZATIONNAME = "深圳策维科技有限公司";
				TargetAttributes = {
					66E0E8081F6800E00075122E = {
						CreatedOnToolsVersion = 8.3.3;
						DevelopmentTeam = 2SLV9Q2G68;
						ProvisioningStyle = Automatic;
					};
				};
			};
			buildConfigurationList = 66E0E8041F6800E00075122E /* Build configuration list for PBXProject "CWCommonTools" */;
			compatibilityVersion = "Xcode 3.2";
			developmentRegion = English;
			hasScannedForEncodings = 0;
			knownRegions = (
				en,
				Base,
			);
			mainGroup = 66E0E8001F6800E00075122E;
			productRefGroup = 66E0E80A1F6800E00075122E /* Products */;
			projectDirPath = "";
			projectRoot = "";
			targets = (
				66E0E8081F6800E00075122E /* CWCommonTools */,
			);
		};
/* End PBXProject section */

/* Begin PBXResourcesBuildPhase section */
		66E0E8071F6800E00075122E /* Resources */ = {
			isa = PBXResourcesBuildPhase;
			buildActionMask = 2147483647;
			files = (
				66E0E81C1F6800E00075122E /* LaunchScreen.storyboard in Resources */,
				66E0E8191F6800E00075122E /* Assets.xcassets in Resources */,
				66E0E8171F6800E00075122E /* Main.storyboard in Resources */,
			);
			runOnlyForDeploymentPostprocessing = 0;
		};
/* End PBXResourcesBuildPhase section */

/* Begin PBXShellScriptBuildPhase section */
		26C1A8F3E013CD836B6E4817 /* [CP] Embed Pods Frameworks */ = {
			isa = PBXShellScriptBuildPhase;
			buildActionMask = 2147483647;
			files = (
			);
			inputPaths = (
			);
			name = "[CP] Embed Pods Frameworks";
			outputPaths = (
			);
			runOnlyForDeploymentPostprocessing = 0;
			shellPath = /bin/sh;
			shellScript = "\"${SRCROOT}/Pods/Target Support Files/Pods-CWCommonTools/Pods-CWCommonTools-frameworks.sh\"\n";
			showEnvVarsInLog = 0;
		};
		41308C77775F23F710D9172A /* [CP] Check Pods Manifest.lock */ = {
			isa = PBXShellScriptBuildPhase;
			buildActionMask = 2147483647;
			files = (
			);
			inputPaths = (
			);
			name = "[CP] Check Pods Manifest.lock";
			outputPaths = (
			);
			runOnlyForDeploymentPostprocessing = 0;
			shellPath = /bin/sh;
			shellScript = "diff \"${PODS_PODFILE_DIR_PATH}/Podfile.lock\" \"${PODS_ROOT}/Manifest.lock\" > /dev/null\nif [ $? != 0 ] ; then\n    # print error to STDERR\n    echo \"error: The sandbox is not in sync with the Podfile.lock. Run 'pod install' or update your CocoaPods installation.\" >&2\n    exit 1\nfi\n";
			showEnvVarsInLog = 0;
		};
		F62862DC3191E58F30D0FF3C /* [CP] Copy Pods Resources */ = {
			isa = PBXShellScriptBuildPhase;
			buildActionMask = 2147483647;
			files = (
			);
			inputPaths = (
			);
			name = "[CP] Copy Pods Resources";
			outputPaths = (
			);
			runOnlyForDeploymentPostprocessing = 0;
			shellPath = /bin/sh;
			shellScript = "\"${SRCROOT}/Pods/Target Support Files/Pods-CWCommonTools/Pods-CWCommonTools-resources.sh\"\n";
			showEnvVarsInLog = 0;
		};
/* End PBXShellScriptBuildPhase section */

/* Begin PBXSourcesBuildPhase section */
		66E0E8051F6800E00075122E /* Sources */ = {
			isa = PBXSourcesBuildPhase;
			buildActionMask = 2147483647;
			files = (
				66E0E85A1F6800F70075122E /* UITabBarItem+CWBadge.m in Sources */,
				66E0E8591F6800F70075122E /* UITabBar+CWBadge.m in Sources */,
				66E0E86C1F6800F70075122E /* CWTouchIDManager.m in Sources */,
				66E0E8611F6800F70075122E /* CW_AFNetworkManager.m in Sources */,
				66E0E8651F6800F70075122E /* CWGetApplicationInfo.m in Sources */,
				66E0E8141F6800E00075122E /* ViewController.m in Sources */,
				66E0E85D1F6800F70075122E /* UIView+Tool.m in Sources */,
				66E0E8621F6800F70075122E /* CWNetworkRequestCenter.m in Sources */,
				66E0E86A1F6800F70075122E /* CWTextView.m in Sources */,
				66E0E8601F6800F70075122E /* LocationTransformer.m in Sources */,
				66E0E85F1F6800F70075122E /* DateAndTimestamp.m in Sources */,
				66E0E85C1F6800F70075122E /* NSObject+Tool.m in Sources */,
				66E0E8681F6800F70075122E /* CWGraphic.m in Sources */,
				66A4A4F91F6D18CE00589FDA /* UIImage+image.m in Sources */,
				66E0E8111F6800E00075122E /* AppDelegate.m in Sources */,
				66E0E8671F6800F70075122E /* CWUTF8Chinese.m in Sources */,
				66E0E8661F6800F70075122E /* CWGetMacAddress.m in Sources */,
				66E0E85B1F6800F70075122E /* UIView+CWBadge.m in Sources */,
				66E0E85E1F6800F70075122E /* CWDateManager.m in Sources */,
				66E0E8631F6800F70075122E /* CWColorHex.m in Sources */,
				66E0E8971F693FED0075122E /* CWStringTansformDictionary.m in Sources */,
				66E0E8581F6800F70075122E /* CWAnimation.m in Sources */,
				66E0E80E1F6800E00075122E /* main.m in Sources */,
				66E0E8691F6800F70075122E /* CWSearchBar.m in Sources */,
				66E0E86B1F6800F70075122E /* ToolView.m in Sources */,
				66E0E8641F6800F70075122E /* CWDeviceMessages.m in Sources */,
			);
			runOnlyForDeploymentPostprocessing = 0;
		};
/* End PBXSourcesBuildPhase section */

/* Begin PBXVariantGroup section */
		66E0E8151F6800E00075122E /* Main.storyboard */ = {
			isa = PBXVariantGroup;
			children = (
				66E0E8161F6800E00075122E /* Base */,
			);
			name = Main.storyboard;
			sourceTree = "<group>";
		};
		66E0E81A1F6800E00075122E /* LaunchScreen.storyboard */ = {
			isa = PBXVariantGroup;
			children = (
				66E0E81B1F6800E00075122E /* Base */,
			);
			name = LaunchScreen.storyboard;
			sourceTree = "<group>";
		};
/* End PBXVariantGroup section */

/* Begin XCBuildConfiguration section */
		66E0E81E1F6800E00075122E /* Debug */ = {
			isa = XCBuildConfiguration;
			buildSettings = {
				ALWAYS_SEARCH_USER_PATHS = NO;
				CLANG_ANALYZER_NONNULL = YES;
				CLANG_ANALYZER_NUMBER_OBJECT_CONVERSION = YES_AGGRESSIVE;
				CLANG_CXX_LANGUAGE_STANDARD = "gnu++0x";
				CLANG_CXX_LIBRARY = "libc++";
				CLANG_ENABLE_MODULES = YES;
				CLANG_ENABLE_OBJC_ARC = YES;
				CLANG_WARN_BOOL_CONVERSION = YES;
				CLANG_WARN_CONSTANT_CONVERSION = YES;
				CLANG_WARN_DIRECT_OBJC_ISA_USAGE = YES_ERROR;
				CLANG_WARN_DOCUMENTATION_COMMENTS = YES;
				CLANG_WARN_EMPTY_BODY = YES;
				CLANG_WARN_ENUM_CONVERSION = YES;
				CLANG_WARN_INFINITE_RECURSION = YES;
				CLANG_WARN_INT_CONVERSION = YES;
				CLANG_WARN_OBJC_ROOT_CLASS = YES_ERROR;
				CLANG_WARN_SUSPICIOUS_MOVE = YES;
				CLANG_WARN_UNREACHABLE_CODE = YES;
				CLANG_WARN__DUPLICATE_METHOD_MATCH = YES;
				"CODE_SIGN_IDENTITY[sdk=iphoneos*]" = "iPhone Developer";
				COPY_PHASE_STRIP = NO;
				DEBUG_INFORMATION_FORMAT = dwarf;
				ENABLE_STRICT_OBJC_MSGSEND = YES;
				ENABLE_TESTABILITY = YES;
				GCC_C_LANGUAGE_STANDARD = gnu99;
				GCC_DYNAMIC_NO_PIC = NO;
				GCC_NO_COMMON_BLOCKS = YES;
				GCC_OPTIMIZATION_LEVEL = 0;
				GCC_PREPROCESSOR_DEFINITIONS = (
					"DEBUG=1",
					"$(inherited)",
				);
				GCC_WARN_64_TO_32_BIT_CONVERSION = YES;
				GCC_WARN_ABOUT_RETURN_TYPE = YES_ERROR;
				GCC_WARN_UNDECLARED_SELECTOR = YES;
				GCC_WARN_UNINITIALIZED_AUTOS = YES_AGGRESSIVE;
				GCC_WARN_UNUSED_FUNCTION = YES;
				GCC_WARN_UNUSED_VARIABLE = YES;
				IPHONEOS_DEPLOYMENT_TARGET = 10.3;
				MTL_ENABLE_DEBUG_INFO = YES;
				ONLY_ACTIVE_ARCH = YES;
				SDKROOT = iphoneos;
				TARGETED_DEVICE_FAMILY = "1,2";
			};
			name = Debug;
		};
		66E0E81F1F6800E00075122E /* Release */ = {
			isa = XCBuildConfiguration;
			buildSettings = {
				ALWAYS_SEARCH_USER_PATHS = NO;
				CLANG_ANALYZER_NONNULL = YES;
				CLANG_ANALYZER_NUMBER_OBJECT_CONVERSION = YES_AGGRESSIVE;
				CLANG_CXX_LANGUAGE_STANDARD = "gnu++0x";
				CLANG_CXX_LIBRARY = "libc++";
				CLANG_ENABLE_MODULES = YES;
				CLANG_ENABLE_OBJC_ARC = YES;
				CLANG_WARN_BOOL_CONVERSION = YES;
				CLANG_WARN_CONSTANT_CONVERSION = YES;
				CLANG_WARN_DIRECT_OBJC_ISA_USAGE = YES_ERROR;
				CLANG_WARN_DOCUMENTATION_COMMENTS = YES;
				CLANG_WARN_EMPTY_BODY = YES;
				CLANG_WARN_ENUM_CONVERSION = YES;
				CLANG_WARN_INFINITE_RECURSION = YES;
				CLANG_WARN_INT_CONVERSION = YES;
				CLANG_WARN_OBJC_ROOT_CLASS = YES_ERROR;
				CLANG_WARN_SUSPICIOUS_MOVE = YES;
				CLANG_WARN_UNREACHABLE_CODE = YES;
				CLANG_WARN__DUPLICATE_METHOD_MATCH = YES;
				"CODE_SIGN_IDENTITY[sdk=iphoneos*]" = "iPhone Developer";
				COPY_PHASE_STRIP = NO;
				DEBUG_INFORMATION_FORMAT = "dwarf-with-dsym";
				ENABLE_NS_ASSERTIONS = NO;
				ENABLE_STRICT_OBJC_MSGSEND = YES;
				GCC_C_LANGUAGE_STANDARD = gnu99;
				GCC_NO_COMMON_BLOCKS = YES;
				GCC_WARN_64_TO_32_BIT_CONVERSION = YES;
				GCC_WARN_ABOUT_RETURN_TYPE = YES_ERROR;
				GCC_WARN_UNDECLARED_SELECTOR = YES;
				GCC_WARN_UNINITIALIZED_AUTOS = YES_AGGRESSIVE;
				GCC_WARN_UNUSED_FUNCTION = YES;
				GCC_WARN_UNUSED_VARIABLE = YES;
				IPHONEOS_DEPLOYMENT_TARGET = 10.3;
				MTL_ENABLE_DEBUG_INFO = NO;
				SDKROOT = iphoneos;
				TARGETED_DEVICE_FAMILY = "1,2";
				VALIDATE_PRODUCT = YES;
			};
			name = Release;
		};
		66E0E8211F6800E00075122E /* Debug */ = {
			isa = XCBuildConfiguration;
			baseConfigurationReference = 841C7AD29C472F8131BE1A82 /* Pods-CWCommonTools.debug.xcconfig */;
			buildSettings = {
				ASSETCATALOG_COMPILER_APPICON_NAME = AppIcon;
				DEVELOPMENT_TEAM = 2SLV9Q2G68;
				GCC_PREFIX_HEADER = $SRCROOT/$PRODUCT_NAME/PrefixHeader.pch;
				INFOPLIST_FILE = CWCommonTools/Info.plist;
				LD_RUNPATH_SEARCH_PATHS = "$(inherited) @executable_path/Frameworks";
				PRODUCT_BUNDLE_IDENTIFIER = cn.com.ceway.CWCommonTools;
				PRODUCT_NAME = "$(TARGET_NAME)";
			};
			name = Debug;
		};
		66E0E8221F6800E00075122E /* Release */ = {
			isa = XCBuildConfiguration;
			baseConfigurationReference = 9674B28A270CC60615C5E051 /* Pods-CWCommonTools.release.xcconfig */;
			buildSettings = {
				ASSETCATALOG_COMPILER_APPICON_NAME = AppIcon;
				DEVELOPMENT_TEAM = 2SLV9Q2G68;
				GCC_PREFIX_HEADER = $SRCROOT/$PRODUCT_NAME/PrefixHeader.pch;
				INFOPLIST_FILE = CWCommonTools/Info.plist;
				LD_RUNPATH_SEARCH_PATHS = "$(inherited) @executable_path/Frameworks";
				PRODUCT_BUNDLE_IDENTIFIER = cn.com.ceway.CWCommonTools;
				PRODUCT_NAME = "$(TARGET_NAME)";
			};
			name = Release;
		};
/* End XCBuildConfiguration section */

/* Begin XCConfigurationList section */
		66E0E8041F6800E00075122E /* Build configuration list for PBXProject "CWCommonTools" */ = {
			isa = XCConfigurationList;
			buildConfigurations = (
				66E0E81E1F6800E00075122E /* Debug */,
				66E0E81F1F6800E00075122E /* Release */,
			);
			defaultConfigurationIsVisible = 0;
			defaultConfigurationName = Release;
		};
		66E0E8201F6800E00075122E /* Build configuration list for PBXNativeTarget "CWCommonTools" */ = {
			isa = XCConfigurationList;
			buildConfigurations = (
				66E0E8211F6800E00075122E /* Debug */,
				66E0E8221F6800E00075122E /* Release */,
			);
			defaultConfigurationIsVisible = 0;
			defaultConfigurationName = Release;
		};
/* End XCConfigurationList section */
	};
	rootObject = 66E0E8011F6800E00075122E /* Project object */;
}
